
Microsoft Visual Studio Solution File, Format Version 12.00
# Visual Studio Version 17
VisualStudioVersion = 17.14.36203.30 d17.14
MinimumVisualStudioVersion = 10.0.40219.1
Project("{FAE04EC0-301F-11D3-BF4B-00C04F79EFBC}") = "XConsoleApp", "XConsoleApp\XConsoleApp.csproj", "{1916143B-2BBB-47B4-9ECC-948D90C9509A}"
EndProject
Global
	GlobalSection(SolutionConfigurationPlatforms) = preSolution
		Debug|Any CPU = Debug|Any CPU
		Release|Any CPU = Release|Any CPU
	EndGlobalSection
	GlobalSection(ProjectConfigurationPlatforms) = postSolution
		{1916143B-2BBB-47B4-9ECC-948D90C9509A}.Debug|Any CPU.ActiveCfg = Debug|Any CPU
		{1916143B-2BBB-47B4-9ECC-948D90C9509A}.Debug|Any CPU.Build.0 = Debug|Any CPU
		{1916143B-2BBB-47B4-9ECC-948D90C9509A}.Release|Any CPU.ActiveCfg = Release|Any CPU
		{1916143B-2BBB-47B4-9ECC-948D90C9509A}.Release|Any CPU.Build.0 = Release|Any CPU
	EndGlobalSection
	GlobalSection(SolutionProperties) = preSolution
		HideSolutionNode = FALSE
	EndGlobalSection
	GlobalSection(ExtensibilityGlobals) = postSolution
		SolutionGuid = {296EFEF0-7F37-4665-9A6B-C9FD0F3FA743}
	EndGlobalSection
EndGlobal
